
Microsoft Visual Studio Solution File, Format Version 12.00
# Visual Studio Version 16
VisualStudioVersion = 16.0.31702.278
MinimumVisualStudioVersion = 10.0.40219.1
Project("{FAE04EC0-301F-11D3-BF4B-00C04F79EFBC}") = "csharp_reference", "csharp_reference.csproj", "{9683251A-103D-4104-A8A7-B46B42131F40}"
EndProject
Global
	GlobalSection(SolutionConfigurationPlatforms) = preSolution
		Debug|Any CPU = Debug|Any CPU
		Release|Any CPU = Release|Any CPU
	EndGlobalSection
	GlobalSection(ProjectConfigurationPlatforms) = postSolution
		{9683251A-103D-4104-A8A7-B46B42131F40}.Debug|Any CPU.ActiveCfg = Debug|Any CPU
		{9683251A-103D-4104-A8A7-B46B42131F40}.Debug|Any CPU.Build.0 = Debug|Any CPU
		{9683251A-103D-4104-A8A7-B46B42131F40}.Release|Any CPU.ActiveCfg = Release|Any CPU
		{9683251A-103D-4104-A8A7-B46B42131F40}.Release|Any CPU.Build.0 = Release|Any CPU
	EndGlobalSection
	GlobalSection(SolutionProperties) = preSolution
		HideSolutionNode = FALSE
	EndGlobalSection
	GlobalSection(ExtensibilityGlobals) = postSolution
		SolutionGuid = {283E6CA3-9101-4ACF-89C0-8AF27EE44C22}
	EndGlobalSection
EndGlobal
